<?xml version="1.0" encoding="UTF-8"?>
<Project ToolsVersion="12.0" xmlns="http://schemas.microsoft.com/developer/msbuild/2003">
  <ItemGroup>
    <ClCompile Include="C:\LeaperCode\curl\tests\libtest\chkhostname.c">
      <Filter>Source Files</Filter>
    </ClCompile>
    <ClCompile Include="C:\LeaperCode\curl\lib\curl_gethostname.c">
      <Filter>Source Files</Filter>
    </ClCompile>
  </ItemGroup>
  <ItemGroup>
    <CustomBuild Include="C:\LeaperCode\curl\tests\libtest\CMakeLists.txt" />
  </ItemGroup>
  <ItemGroup>
    <Filter Include="Source Files">
      <UniqueIdentifier>{62BC4716-FE7D-49E9-93F8-EE2A2E1440EA}</UniqueIdentifier>
    </Filter>
  </ItemGroup>
</Project>
