<?xml version="1.0" encoding="UTF-8"?>
<Project ToolsVersion="12.0" xmlns="http://schemas.microsoft.com/developer/msbuild/2003">
  <ItemGroup>
    <ClCompile Include="C:\LeaperCode\curl\tests\libtest\lib554.c">
      <Filter>Source Files</Filter>
    </ClCompile>
    <ClCompile Include="C:\LeaperCode\curl\tests\libtest\first.c">
      <Filter>Source Files</Filter>
    </ClCompile>
  </ItemGroup>
  <ItemGroup>
    <ClInclude Include="C:\LeaperCode\curl\tests\libtest\test.h">
      <Filter>Header Files</Filter>
    </ClInclude>
  </ItemGroup>
  <ItemGroup>
    <CustomBuild Include="C:\LeaperCode\curl\tests\libtest\CMakeLists.txt" />
  </ItemGroup>
  <ItemGroup>
    <Filter Include="Source Files">
      <UniqueIdentifier>{62BC4716-FE7D-49E9-93F8-EE2A2E1440EA}</UniqueIdentifier>
    </Filter>
    <Filter Include="Header Files">
      <UniqueIdentifier>{DF55AE34-2EAE-4AFC-B0F2-EB8A3F762F9B}</UniqueIdentifier>
    </Filter>
  </ItemGroup>
</Project>
